// !$*UTF8*$!
{
	archiveVersion = 1;
	classes = {
	};
	objectVersion = 56;
	objects = {

/* Begin PBXBuildFile section */
		30DAB158F09AC9F46261F47B /* Pods_StoryboardTweets.framework in Frameworks */ = {isa = PBXBuildFile; fileRef = CB7F891E63B0E0DE2AD3B535 /* Pods_StoryboardTweets.framework */; };
		B51D2BD929B717F100527F5D /* AppDelegate.swift in Sources */ = {isa = PBXBuildFile; fileRef = B51D2BD829B717F100527F5D /* AppDelegate.swift */; };
		B51D2BDD29B717F100527F5D /* ViewController.swift in Sources */ = {isa = PBXBuildFile; fileRef = B51D2BDC29B717F100527F5D /* ViewController.swift */; };
		B51D2BE229B717F400527F5D /* Assets.xcassets in Resources */ = {isa = PBXBuildFile; fileRef = B51D2BE129B717F400527F5D /* Assets.xcassets */; };
		B51D2BE529B717F400527F5D /* LaunchScreen.storyboard in Resources */ = {isa = PBXBuildFile; fileRef = B51D2BE329B717F400527F5D /* LaunchScreen.storyboard */; };
		B52A369429BE699F002967FC /* Home.storyboard in Resources */ = {isa = PBXBuildFile; fileRef = B52A369329BE699F002967FC /* Home.storyboard */; };
		B52ED55229B85CDF000A0809 /* WelcomeViewController.swift in Sources */ = {isa = PBXBuildFile; fileRef = B52ED55129B85CDF000A0809 /* WelcomeViewController.swift */; };
		B52ED55429B85CFC000A0809 /* LoginViewController.swift in Sources */ = {isa = PBXBuildFile; fileRef = B52ED55329B85CFC000A0809 /* LoginViewController.swift */; };
		B52ED55629B85D18000A0809 /* RegisterViewController.swift in Sources */ = {isa = PBXBuildFile; fileRef = B52ED55529B85D18000A0809 /* RegisterViewController.swift */; };
		B5BE5F4F29B722570092FE51 /* Welcome.storyboard in Resources */ = {isa = PBXBuildFile; fileRef = B5BE5F4E29B722570092FE51 /* Welcome.storyboard */; };
/* End PBXBuildFile section */

/* Begin PBXFileReference section */
		6122C0F1FEEDE28CBF8EDD87 /* Pods-StoryboardTweets.release.xcconfig */ = {isa = PBXFileReference; includeInIndex = 1; lastKnownFileType = text.xcconfig; name = "Pods-StoryboardTweets.release.xcconfig"; path = "Target Support Files/Pods-StoryboardTweets/Pods-StoryboardTweets.release.xcconfig"; sourceTree = "<group>"; };
		66C194798880A9C2215CAA00 /* Pods-StoryboardTweets.debug.xcconfig */ = {isa = PBXFileReference; includeInIndex = 1; lastKnownFileType = text.xcconfig; name = "Pods-StoryboardTweets.debug.xcconfig"; path = "Target Support Files/Pods-StoryboardTweets/Pods-StoryboardTweets.debug.xcconfig"; sourceTree = "<group>"; };
		B51D2BD529B717F100527F5D /* StoryboardTweets.app */ = {isa = PBXFileReference; explicitFileType = wrapper.application; includeInIndex = 0; path = StoryboardTweets.app; sourceTree = BUILT_PRODUCTS_DIR; };
		B51D2BD829B717F100527F5D /* AppDelegate.swift */ = {isa = PBXFileReference; lastKnownFileType = sourcecode.swift; path = AppDelegate.swift; sourceTree = "<group>"; };
		B51D2BDC29B717F100527F5D /* ViewController.swift */ = {isa = PBXFileReference; lastKnownFileType = sourcecode.swift; path = ViewController.swift; sourceTree = "<group>"; };
		B51D2BE129B717F400527F5D /* Assets.xcassets */ = {isa = PBXFileReference; lastKnownFileType = folder.assetcatalog; path = Assets.xcassets; sourceTree = "<group>"; };
		B51D2BE429B717F400527F5D /* Base */ = {isa = PBXFileReference; lastKnownFileType = file.storyboard; name = Base; path = Base.lproj/LaunchScreen.storyboard; sourceTree = "<group>"; };
		B51D2BE629B717F400527F5D /* Info.plist */ = {isa = PBXFileReference; lastKnownFileType = text.plist.xml; path = Info.plist; sourceTree = "<group>"; };
		B52A369329BE699F002967FC /* Home.storyboard */ = {isa = PBXFileReference; lastKnownFileType = file.storyboard; path = Home.storyboard; sourceTree = "<group>"; };
		B52ED55129B85CDF000A0809 /* WelcomeViewController.swift */ = {isa = PBXFileReference; lastKnownFileType = sourcecode.swift; path = WelcomeViewController.swift; sourceTree = "<group>"; };
		B52ED55329B85CFC000A0809 /* LoginViewController.swift */ = {isa = PBXFileReference; lastKnownFileType = sourcecode.swift; path = LoginViewController.swift; sourceTree = "<group>"; };
		B52ED55529B85D18000A0809 /* RegisterViewController.swift */ = {isa = PBXFileReference; lastKnownFileType = sourcecode.swift; path = RegisterViewController.swift; sourceTree = "<group>"; };
		B5BE5F4E29B722570092FE51 /* Welcome.storyboard */ = {isa = PBXFileReference; lastKnownFileType = file.storyboard; path = Welcome.storyboard; sourceTree = "<group>"; };
		CB7F891E63B0E0DE2AD3B535 /* Pods_StoryboardTweets.framework */ = {isa = PBXFileReference; explicitFileType = wrapper.framework; includeInIndex = 0; path = Pods_StoryboardTweets.framework; sourceTree = BUILT_PRODUCTS_DIR; };
/* End PBXFileReference section */

/* Begin PBXFrameworksBuildPhase section */
		B51D2BD229B717F100527F5D /* Frameworks */ = {
			isa = PBXFrameworksBuildPhase;
			buildActionMask = 2147483647;
			files = (
				30DAB158F09AC9F46261F47B /* Pods_StoryboardTweets.framework in Frameworks */,
			);
			runOnlyForDeploymentPostprocessing = 0;
		};
/* End PBXFrameworksBuildPhase section */

/* Begin PBXGroup section */
		B51D2BCC29B717F100527F5D = {
			isa = PBXGroup;
			children = (
				B51D2BD729B717F100527F5D /* StoryboardTweets */,
				B51D2BD629B717F100527F5D /* Products */,
				E997A04FA1F78598000C1A47 /* Pods */,
				E9E775088F5A4E299F2707CD /* Frameworks */,
			);
			sourceTree = "<group>";
		};
		B51D2BD629B717F100527F5D /* Products */ = {
			isa = PBXGroup;
			children = (
				B51D2BD529B717F100527F5D /* StoryboardTweets.app */,
			);
			name = Products;
			sourceTree = "<group>";
		};
		B51D2BD729B717F100527F5D /* StoryboardTweets */ = {
			isa = PBXGroup;
			children = (
				B5BE5F4C29B721240092FE51 /* Modules */,
				B5BE5F4B29B721160092FE51 /* Commons */,
				B51D2BE629B717F400527F5D /* Info.plist */,
			);
			path = StoryboardTweets;
			sourceTree = "<group>";
		};
		B52A369229BE697A002967FC /* Home */ = {
			isa = PBXGroup;
			children = (
				B52A369329BE699F002967FC /* Home.storyboard */,
			);
			path = Home;
			sourceTree = "<group>";
		};
		B52ED55029B85CB0000A0809 /* Controllers */ = {
			isa = PBXGroup;
			children = (
				B52ED55129B85CDF000A0809 /* WelcomeViewController.swift */,
				B52ED55329B85CFC000A0809 /* LoginViewController.swift */,
				B52ED55529B85D18000A0809 /* RegisterViewController.swift */,
			);
			path = Controllers;
			sourceTree = "<group>";
		};
		B5BE5F4B29B721160092FE51 /* Commons */ = {
			isa = PBXGroup;
			children = (
				B51D2BD829B717F100527F5D /* AppDelegate.swift */,
				B51D2BDC29B717F100527F5D /* ViewController.swift */,
				B51D2BE129B717F400527F5D /* Assets.xcassets */,
				B51D2BE329B717F400527F5D /* LaunchScreen.storyboard */,
			);
			path = Commons;
			sourceTree = "<group>";
		};
		B5BE5F4C29B721240092FE51 /* Modules */ = {
			isa = PBXGroup;
			children = (
				B52A369229BE697A002967FC /* Home */,
				B5BE5F4D29B722280092FE51 /* Welcome */,
			);
			path = Modules;
			sourceTree = "<group>";
		};
		B5BE5F4D29B722280092FE51 /* Welcome */ = {
			isa = PBXGroup;
			children = (
				B52ED55029B85CB0000A0809 /* Controllers */,
				B5BE5F4E29B722570092FE51 /* Welcome.storyboard */,
			);
			path = Welcome;
			sourceTree = "<group>";
		};
		E997A04FA1F78598000C1A47 /* Pods */ = {
			isa = PBXGroup;
			children = (
				66C194798880A9C2215CAA00 /* Pods-StoryboardTweets.debug.xcconfig */,
				6122C0F1FEEDE28CBF8EDD87 /* Pods-StoryboardTweets.release.xcconfig */,
			);
			path = Pods;
			sourceTree = "<group>";
		};
		E9E775088F5A4E299F2707CD /* Frameworks */ = {
			isa = PBXGroup;
			children = (
				CB7F891E63B0E0DE2AD3B535 /* Pods_StoryboardTweets.framework */,
			);
			name = Frameworks;
			sourceTree = "<group>";
		};
/* End PBXGroup section */

/* Begin PBXNativeTarget section */
		B51D2BD429B717F100527F5D /* StoryboardTweets */ = {
			isa = PBXNativeTarget;
			buildConfigurationList = B51D2BE929B717F400527F5D /* Build configuration list for PBXNativeTarget "StoryboardTweets" */;
			buildPhases = (
				408A299B1BAAC6C4E0C6C38D /* [CP] Check Pods Manifest.lock */,
				B51D2BD129B717F100527F5D /* Sources */,
				B51D2BD229B717F100527F5D /* Frameworks */,
				B51D2BD329B717F100527F5D /* Resources */,
				92879D0FD1671B4C1D8CDEC9 /* [CP] Embed Pods Frameworks */,
			);
			buildRules = (
			);
			dependencies = (
			);
			name = StoryboardTweets;
			productName = StoryboardTweets;
			productReference = B51D2BD529B717F100527F5D /* StoryboardTweets.app */;
			productType = "com.apple.product-type.application";
		};
/* End PBXNativeTarget section */

/* Begin PBXProject section */
		B51D2BCD29B717F100527F5D /* Project object */ = {
			isa = PBXProject;
			attributes = {
				BuildIndependentTargetsInParallel = 1;
				LastSwiftUpdateCheck = 1420;
				LastUpgradeCheck = 1420;
				TargetAttributes = {
					B51D2BD429B717F100527F5D = {
						CreatedOnToolsVersion = 14.2;
					};
				};
			};
			buildConfigurationList = B51D2BD029B717F100527F5D /* Build configuration list for PBXProject "StoryboardTweets" */;
			compatibilityVersion = "Xcode 14.0";
			developmentRegion = en;
			hasScannedForEncodings = 0;
			knownRegions = (
				en,
				Base,
			);
			mainGroup = B51D2BCC29B717F100527F5D;
			productRefGroup = B51D2BD629B717F100527F5D /* Products */;
			projectDirPath = "";
			projectRoot = "";
			targets = (
				B51D2BD429B717F100527F5D /* StoryboardTweets */,
			);
		};
/* End PBXProject section */

/* Begin PBXResourcesBuildPhase section */
		B51D2BD329B717F100527F5D /* Resources */ = {
			isa = PBXResourcesBuildPhase;
			buildActionMask = 2147483647;
			files = (
				B51D2BE529B717F400527F5D /* LaunchScreen.storyboard in Resources */,
				B51D2BE229B717F400527F5D /* Assets.xcassets in Resources */,
				B5BE5F4F29B722570092FE51 /* Welcome.storyboard in Resources */,
				B52A369429BE699F002967FC /* Home.storyboard in Resources */,
			);
			runOnlyForDeploymentPostprocessing = 0;
		};
/* End PBXResourcesBuildPhase section */

/* Begin PBXShellScriptBuildPhase section */
		408A299B1BAAC6C4E0C6C38D /* [CP] Check Pods Manifest.lock */ = {
			isa = PBXShellScriptBuildPhase;
			buildActionMask = 2147483647;
			files = (
			);
			inputFileListPaths = (
			);
			inputPaths = (
				"${PODS_PODFILE_DIR_PATH}/Podfile.lock",
				"${PODS_ROOT}/Manifest.lock",
			);
			name = "[CP] Check Pods Manifest.lock";
			outputFileListPaths = (
			);
			outputPaths = (
				"$(DERIVED_FILE_DIR)/Pods-StoryboardTweets-checkManifestLockResult.txt",
			);
			runOnlyForDeploymentPostprocessing = 0;
			shellPath = /bin/sh;
			shellScript = "diff \"${PODS_PODFILE_DIR_PATH}/Podfile.lock\" \"${PODS_ROOT}/Manifest.lock\" > /dev/null\nif [ $? != 0 ] ; then\n    # print error to STDERR\n    echo \"error: The sandbox is not in sync with the Podfile.lock. Run 'pod install' or update your CocoaPods installation.\" >&2\n    exit 1\nfi\n# This output is used by Xcode 'outputs' to avoid re-running this script phase.\necho \"SUCCESS\" > \"${SCRIPT_OUTPUT_FILE_0}\"\n";
			showEnvVarsInLog = 0;
		};
		92879D0FD1671B4C1D8CDEC9 /* [CP] Embed Pods Frameworks */ = {
			isa = PBXShellScriptBuildPhase;
			buildActionMask = 2147483647;
			files = (
			);
			inputFileListPaths = (
				"${PODS_ROOT}/Target Support Files/Pods-StoryboardTweets/Pods-StoryboardTweets-frameworks-${CONFIGURATION}-input-files.xcfilelist",
			);
			name = "[CP] Embed Pods Frameworks";
			outputFileListPaths = (
				"${PODS_ROOT}/Target Support Files/Pods-StoryboardTweets/Pods-StoryboardTweets-frameworks-${CONFIGURATION}-output-files.xcfilelist",
			);
			runOnlyForDeploymentPostprocessing = 0;
			shellPath = /bin/sh;
			shellScript = "\"${PODS_ROOT}/Target Support Files/Pods-StoryboardTweets/Pods-StoryboardTweets-frameworks.sh\"\n";
			showEnvVarsInLog = 0;
		};
/* End PBXShellScriptBuildPhase section */

/* Begin PBXSourcesBuildPhase section */
		B51D2BD129B717F100527F5D /* Sources */ = {
			isa = PBXSourcesBuildPhase;
			buildActionMask = 2147483647;
			files = (
				B52ED55429B85CFC000A0809 /* LoginViewController.swift in Sources */,
				B52ED55629B85D18000A0809 /* RegisterViewController.swift in Sources */,
				B52ED55229B85CDF000A0809 /* WelcomeViewController.swift in Sources */,
				B51D2BDD29B717F100527F5D /* ViewController.swift in Sources */,
				B51D2BD929B717F100527F5D /* AppDelegate.swift in Sources */,
			);
			runOnlyForDeploymentPostprocessing = 0;
		};
/* End PBXSourcesBuildPhase section */

/* Begin PBXVariantGroup section */
		B51D2BE329B717F400527F5D /* LaunchScreen.storyboard */ = {
			isa = PBXVariantGroup;
			children = (
				B51D2BE429B717F400527F5D /* Base */,
			);
			name = LaunchScreen.storyboard;
			sourceTree = "<group>";
		};
/* End PBXVariantGroup section */

/* Begin XCBuildConfiguration section */
		B51D2BE729B717F400527F5D /* Debug */ = {
			isa = XCBuildConfiguration;
			buildSettings = {
				ALWAYS_SEARCH_USER_PATHS = NO;
				CLANG_ANALYZER_NONNULL = YES;
				CLANG_ANALYZER_NUMBER_OBJECT_CONVERSION = YES_AGGRESSIVE;
				CLANG_CXX_LANGUAGE_STANDARD = "gnu++20";
				CLANG_ENABLE_MODULES = YES;
				CLANG_ENABLE_OBJC_ARC = YES;
				CLANG_ENABLE_OBJC_WEAK = YES;
				CLANG_WARN_BLOCK_CAPTURE_AUTORELEASING = YES;
				CLANG_WARN_BOOL_CONVERSION = YES;
				CLANG_WARN_COMMA = YES;
				CLANG_WARN_CONSTANT_CONVERSION = YES;
				CLANG_WARN_DEPRECATED_OBJC_IMPLEMENTATIONS = YES;
				CLANG_WARN_DIRECT_OBJC_ISA_USAGE = YES_ERROR;
				CLANG_WARN_DOCUMENTATION_COMMENTS = YES;
				CLANG_WARN_EMPTY_BODY = YES;
				CLANG_WARN_ENUM_CONVERSION = YES;
				CLANG_WARN_INFINITE_RECURSION = YES;
				CLANG_WARN_INT_CONVERSION = YES;
				CLANG_WARN_NON_LITERAL_NULL_CONVERSION = YES;
				CLANG_WARN_OBJC_IMPLICIT_RETAIN_SELF = YES;
				CLANG_WARN_OBJC_LITERAL_CONVERSION = YES;
				CLANG_WARN_OBJC_ROOT_CLASS = YES_ERROR;
				CLANG_WARN_QUOTED_INCLUDE_IN_FRAMEWORK_HEADER = YES;
				CLANG_WARN_RANGE_LOOP_ANALYSIS = YES;
				CLANG_WARN_STRICT_PROTOTYPES = YES;
				CLANG_WARN_SUSPICIOUS_MOVE = YES;
				CLANG_WARN_UNGUARDED_AVAILABILITY = YES_AGGRESSIVE;
				CLANG_WARN_UNREACHABLE_CODE = YES;
				CLANG_WARN__DUPLICATE_METHOD_MATCH = YES;
				COPY_PHASE_STRIP = NO;
				DEBUG_INFORMATION_FORMAT = dwarf;
				ENABLE_STRICT_OBJC_MSGSEND = YES;
				ENABLE_TESTABILITY = YES;
				GCC_C_LANGUAGE_STANDARD = gnu11;
				GCC_DYNAMIC_NO_PIC = NO;
				GCC_NO_COMMON_BLOCKS = YES;
				GCC_OPTIMIZATION_LEVEL = 0;
				GCC_PREPROCESSOR_DEFINITIONS = (
					"DEBUG=1",
					"$(inherited)",
				);
				GCC_WARN_64_TO_32_BIT_CONVERSION = YES;
				GCC_WARN_ABOUT_RETURN_TYPE = YES_ERROR;
				GCC_WARN_UNDECLARED_SELECTOR = YES;
				GCC_WARN_UNINITIALIZED_AUTOS = YES_AGGRESSIVE;
				GCC_WARN_UNUSED_FUNCTION = YES;
				GCC_WARN_UNUSED_VARIABLE = YES;
				IPHONEOS_DEPLOYMENT_TARGET = 11.0;
				MTL_ENABLE_DEBUG_INFO = INCLUDE_SOURCE;
				MTL_FAST_MATH = YES;
				ONLY_ACTIVE_ARCH = YES;
				SDKROOT = iphoneos;
				SWIFT_ACTIVE_COMPILATION_CONDITIONS = DEBUG;
				SWIFT_OPTIMIZATION_LEVEL = "-Onone";
			};
			name = Debug;
		};
		B51D2BE829B717F400527F5D /* Release */ = {
			isa = XCBuildConfiguration;
			buildSettings = {
				ALWAYS_SEARCH_USER_PATHS = NO;
				CLANG_ANALYZER_NONNULL = YES;
				CLANG_ANALYZER_NUMBER_OBJECT_CONVERSION = YES_AGGRESSIVE;
				CLANG_CXX_LANGUAGE_STANDARD = "gnu++20";
				CLANG_ENABLE_MODULES = YES;
				CLANG_ENABLE_OBJC_ARC = YES;
				CLANG_ENABLE_OBJC_WEAK = YES;
				CLANG_WARN_BLOCK_CAPTURE_AUTORELEASING = YES;
				CLANG_WARN_BOOL_CONVERSION = YES;
				CLANG_WARN_COMMA = YES;
				CLANG_WARN_CONSTANT_CONVERSION = YES;
				CLANG_WARN_DEPRECATED_OBJC_IMPLEMENTATIONS = YES;
				CLANG_WARN_DIRECT_OBJC_ISA_USAGE = YES_ERROR;
				CLANG_WARN_DOCUMENTATION_COMMENTS = YES;
				CLANG_WARN_EMPTY_BODY = YES;
				CLANG_WARN_ENUM_CONVERSION = YES;
				CLANG_WARN_INFINITE_RECURSION = YES;
				CLANG_WARN_INT_CONVERSION = YES;
				CLANG_WARN_NON_LITERAL_NULL_CONVERSION = YES;
				CLANG_WARN_OBJC_IMPLICIT_RETAIN_SELF = YES;
				CLANG_WARN_OBJC_LITERAL_CONVERSION = YES;
				CLANG_WARN_OBJC_ROOT_CLASS = YES_ERROR;
				CLANG_WARN_QUOTED_INCLUDE_IN_FRAMEWORK_HEADER = YES;
				CLANG_WARN_RANGE_LOOP_ANALYSIS = YES;
				CLANG_WARN_STRICT_PROTOTYPES = YES;
				CLANG_WARN_SUSPICIOUS_MOVE = YES;
				CLANG_WARN_UNGUARDED_AVAILABILITY = YES_AGGRESSIVE;
				CLANG_WARN_UNREACHABLE_CODE = YES;
				CLANG_WARN__DUPLICATE_METHOD_MATCH = YES;
				COPY_PHASE_STRIP = NO;
				DEBUG_INFORMATION_FORMAT = "dwarf-with-dsym";
				ENABLE_NS_ASSERTIONS = NO;
				ENABLE_STRICT_OBJC_MSGSEND = YES;
				GCC_C_LANGUAGE_STANDARD = gnu11;
				GCC_NO_COMMON_BLOCKS = YES;
				GCC_WARN_64_TO_32_BIT_CONVERSION = YES;
				GCC_WARN_ABOUT_RETURN_TYPE = YES_ERROR;
				GCC_WARN_UNDECLARED_SELECTOR = YES;
				GCC_WARN_UNINITIALIZED_AUTOS = YES_AGGRESSIVE;
				GCC_WARN_UNUSED_FUNCTION = YES;
				GCC_WARN_UNUSED_VARIABLE = YES;
				IPHONEOS_DEPLOYMENT_TARGET = 11.0;
				MTL_ENABLE_DEBUG_INFO = NO;
				MTL_FAST_MATH = YES;
				SDKROOT = iphoneos;
				SWIFT_COMPILATION_MODE = wholemodule;
				SWIFT_OPTIMIZATION_LEVEL = "-O";
				VALIDATE_PRODUCT = YES;
			};
			name = Release;
		};
		B51D2BEA29B717F400527F5D /* Debug */ = {
			isa = XCBuildConfiguration;
			baseConfigurationReference = 66C194798880A9C2215CAA00 /* Pods-StoryboardTweets.debug.xcconfig */;
			buildSettings = {
				ASSETCATALOG_COMPILER_APPICON_NAME = AppIcon;
				ASSETCATALOG_COMPILER_GLOBAL_ACCENT_COLOR_NAME = AccentColor;
				CODE_SIGN_STYLE = Automatic;
				CURRENT_PROJECT_VERSION = 1;
				DEVELOPMENT_TEAM = 985L79JYSF;
				GENERATE_INFOPLIST_FILE = YES;
				INFOPLIST_FILE = StoryboardTweets/Info.plist;
				INFOPLIST_KEY_CFBundleDisplayName = "Storyboard Tweets";
				INFOPLIST_KEY_UIApplicationSupportsIndirectInputEvents = YES;
				INFOPLIST_KEY_UILaunchStoryboardName = LaunchScreen;
				INFOPLIST_KEY_UIMainStoryboardFile = Welcome;
				INFOPLIST_KEY_UIStatusBarStyle = "";
				INFOPLIST_KEY_UISupportedInterfaceOrientations = UIInterfaceOrientationPortrait;
				INFOPLIST_KEY_UISupportedInterfaceOrientations_iPad = "UIInterfaceOrientationLandscapeLeft UIInterfaceOrientationLandscapeRight UIInterfaceOrientationPortrait UIInterfaceOrientationPortraitUpsideDown";
				LD_RUNPATH_SEARCH_PATHS = (
					"$(inherited)",
					"@executable_path/Frameworks",
				);
				MARKETING_VERSION = 1.0;
				PRODUCT_BUNDLE_IDENTIFIER = com.alejandroreyna.StoryboardTweets;
				PRODUCT_NAME = "$(TARGET_NAME)";
				SUPPORTED_PLATFORMS = "iphoneos iphonesimulator";
				SUPPORTS_MACCATALYST = NO;
				SUPPORTS_MAC_DESIGNED_FOR_IPHONE_IPAD = YES;
				SWIFT_EMIT_LOC_STRINGS = YES;
				SWIFT_VERSION = 5.0;
				TARGETED_DEVICE_FAMILY = 1;
			};
			name = Debug;
		};
		B51D2BEB29B717F400527F5D /* Release */ = {
			isa = XCBuildConfiguration;
			baseConfigurationReference = 6122C0F1FEEDE28CBF8EDD87 /* Pods-StoryboardTweets.release.xcconfig */;
			buildSettings = {
				ASSETCATALOG_COMPILER_APPICON_NAME = AppIcon;
				ASSETCATALOG_COMPILER_GLOBAL_ACCENT_COLOR_NAME = AccentColor;
				CODE_SIGN_STYLE = Automatic;
				CURRENT_PROJECT_VERSION = 1;
				DEVELOPMENT_TEAM = 985L79JYSF;
				GENERATE_INFOPLIST_FILE = YES;
				INFOPLIST_FILE = StoryboardTweets/Info.plist;
				INFOPLIST_KEY_CFBundleDisplayName = "Storyboard Tweets";
				INFOPLIST_KEY_UIApplicationSupportsIndirectInputEvents = YES;
				INFOPLIST_KEY_UILaunchStoryboardName = LaunchScreen;
				INFOPLIST_KEY_UIMainStoryboardFile = Welcome;
				INFOPLIST_KEY_UIStatusBarStyle = "";
				INFOPLIST_KEY_UISupportedInterfaceOrientations = UIInterfaceOrientationPortrait;
				INFOPLIST_KEY_UISupportedInterfaceOrientations_iPad = "UIInterfaceOrientationLandscapeLeft UIInterfaceOrientationLandscapeRight UIInterfaceOrientationPortrait UIInterfaceOrientationPortraitUpsideDown";
				LD_RUNPATH_SEARCH_PATHS = (
					"$(inherited)",
					"@executable_path/Frameworks",
				);
				MARKETING_VERSION = 1.0;
				PRODUCT_BUNDLE_IDENTIFIER = com.alejandroreyna.StoryboardTweets;
				PRODUCT_NAME = "$(TARGET_NAME)";
				SUPPORTED_PLATFORMS = "iphoneos iphonesimulator";
				SUPPORTS_MACCATALYST = NO;
				SUPPORTS_MAC_DESIGNED_FOR_IPHONE_IPAD = YES;
				SWIFT_EMIT_LOC_STRINGS = YES;
				SWIFT_VERSION = 5.0;
				TARGETED_DEVICE_FAMILY = 1;
			};
			name = Release;
		};
/* End XCBuildConfiguration section */

/* Begin XCConfigurationList section */
		B51D2BD029B717F100527F5D /* Build configuration list for PBXProject "StoryboardTweets" */ = {
			isa = XCConfigurationList;
			buildConfigurations = (
				B51D2BE729B717F400527F5D /* Debug */,
				B51D2BE829B717F400527F5D /* Release */,
			);
			defaultConfigurationIsVisible = 0;
			defaultConfigurationName = Release;
		};
		B51D2BE929B717F400527F5D /* Build configuration list for PBXNativeTarget "StoryboardTweets" */ = {
			isa = XCConfigurationList;
			buildConfigurations = (
				B51D2BEA29B717F400527F5D /* Debug */,
				B51D2BEB29B717F400527F5D /* Release */,
			);
			defaultConfigurationIsVisible = 0;
			defaultConfigurationName = Release;
		};
/* End XCConfigurationList section */
	};
	rootObject = B51D2BCD29B717F100527F5D /* Project object */;
}
